
Microsoft Visual Studio Solution File, Format Version 12.00
# Visual Studio Version 16
VisualStudioVersion = 16.0.31205.134
MinimumVisualStudioVersion = 10.0.40219.1
Project("{9A19103F-16F7-4668-BE54-9A1E7A4F7556}") = "PreStormCore.Tools", "PreStormCore.Tools.csproj", "{90CAE4CB-16D4-4932-BEED-23EBA5704C98}"
EndProject
Global
	GlobalSection(SolutionConfigurationPlatforms) = preSolution
		Debug|Any CPU = Debug|Any CPU
		Release|Any CPU = Release|Any CPU
	EndGlobalSection
	GlobalSection(ProjectConfigurationPlatforms) = postSolution
		{90CAE4CB-16D4-4932-BEED-23EBA5704C98}.Debug|Any CPU.ActiveCfg = Debug|Any CPU
		{90CAE4CB-16D4-4932-BEED-23EBA5704C98}.Debug|Any CPU.Build.0 = Debug|Any CPU
		{90CAE4CB-16D4-4932-BEED-23EBA5704C98}.Release|Any CPU.ActiveCfg = Release|Any CPU
		{90CAE4CB-16D4-4932-BEED-23EBA5704C98}.Release|Any CPU.Build.0 = Release|Any CPU
	EndGlobalSection
	GlobalSection(SolutionProperties) = preSolution
		HideSolutionNode = FALSE
	EndGlobalSection
	GlobalSection(ExtensibilityGlobals) = postSolution
		SolutionGuid = {34AE6AAA-A921-458B-91B1-546386AE684D}
	EndGlobalSection
EndGlobal
