
Microsoft Visual Studio Solution File, Format Version 12.00
# Visual Studio Version 16
VisualStudioVersion = 16.0.30907.101
MinimumVisualStudioVersion = 10.0.40219.1
Project("{9A19103F-16F7-4668-BE54-9A1E7A4F7556}") = "Demo", "Demo\Demo.csproj", "{7CCA64E9-9216-456A-BF00-EBBC192A2DA5}"
EndProject
Global
	GlobalSection(SolutionConfigurationPlatforms) = preSolution
		Debug|Any CPU = Debug|Any CPU
		Release|Any CPU = Release|Any CPU
	EndGlobalSection
	GlobalSection(ProjectConfigurationPlatforms) = postSolution
		{7CCA64E9-9216-456A-BF00-EBBC192A2DA5}.Debug|Any CPU.ActiveCfg = Debug|Any CPU
		{7CCA64E9-9216-456A-BF00-EBBC192A2DA5}.Debug|Any CPU.Build.0 = Debug|Any CPU
		{7CCA64E9-9216-456A-BF00-EBBC192A2DA5}.Release|Any CPU.ActiveCfg = Release|Any CPU
		{7CCA64E9-9216-456A-BF00-EBBC192A2DA5}.Release|Any CPU.Build.0 = Release|Any CPU
	EndGlobalSection
	GlobalSection(SolutionProperties) = preSolution
		HideSolutionNode = FALSE
	EndGlobalSection
	GlobalSection(ExtensibilityGlobals) = postSolution
		SolutionGuid = {C3FBF0AA-DBB7-439C-8D9D-50A6A851C380}
	EndGlobalSection
EndGlobal
