
Microsoft Visual Studio Solution File, Format Version 12.00
# Visual Studio Version 16
VisualStudioVersion = 16.0.30717.126
MinimumVisualStudioVersion = 10.0.40219.1
Project("{9A19103F-16F7-4668-BE54-9A1E7A4F7556}") = "PreStormCore.Tools", "PreStormCore.Tools\PreStormCore.Tools.csproj", "{2621EB2F-E7FB-4E17-BE9F-1D4BF4435330}"
EndProject
Project("{9A19103F-16F7-4668-BE54-9A1E7A4F7556}") = "PreStormCore.UnitTests", "PreStormCore.UnitTests\PreStormCore.UnitTests.csproj", "{5DFDDBE2-961C-44C5-ADA9-42B621055EB3}"
EndProject
Project("{9A19103F-16F7-4668-BE54-9A1E7A4F7556}") = "PreStormCore", "PreStormCore\PreStormCore.csproj", "{CA37FB91-B4DC-4C2A-9092-485786DCB06B}"
EndProject
Global
	GlobalSection(SolutionConfigurationPlatforms) = preSolution
		Debug|Any CPU = Debug|Any CPU
		Release|Any CPU = Release|Any CPU
	EndGlobalSection
	GlobalSection(ProjectConfigurationPlatforms) = postSolution
		{2621EB2F-E7FB-4E17-BE9F-1D4BF4435330}.Debug|Any CPU.ActiveCfg = Debug|Any CPU
		{2621EB2F-E7FB-4E17-BE9F-1D4BF4435330}.Debug|Any CPU.Build.0 = Debug|Any CPU
		{2621EB2F-E7FB-4E17-BE9F-1D4BF4435330}.Release|Any CPU.ActiveCfg = Release|Any CPU
		{2621EB2F-E7FB-4E17-BE9F-1D4BF4435330}.Release|Any CPU.Build.0 = Release|Any CPU
		{5DFDDBE2-961C-44C5-ADA9-42B621055EB3}.Debug|Any CPU.ActiveCfg = Debug|Any CPU
		{5DFDDBE2-961C-44C5-ADA9-42B621055EB3}.Debug|Any CPU.Build.0 = Debug|Any CPU
		{5DFDDBE2-961C-44C5-ADA9-42B621055EB3}.Release|Any CPU.ActiveCfg = Release|Any CPU
		{5DFDDBE2-961C-44C5-ADA9-42B621055EB3}.Release|Any CPU.Build.0 = Release|Any CPU
		{CA37FB91-B4DC-4C2A-9092-485786DCB06B}.Debug|Any CPU.ActiveCfg = Debug|Any CPU
		{CA37FB91-B4DC-4C2A-9092-485786DCB06B}.Debug|Any CPU.Build.0 = Debug|Any CPU
		{CA37FB91-B4DC-4C2A-9092-485786DCB06B}.Release|Any CPU.ActiveCfg = Release|Any CPU
		{CA37FB91-B4DC-4C2A-9092-485786DCB06B}.Release|Any CPU.Build.0 = Release|Any CPU
	EndGlobalSection
	GlobalSection(SolutionProperties) = preSolution
		HideSolutionNode = FALSE
	EndGlobalSection
	GlobalSection(ExtensibilityGlobals) = postSolution
		SolutionGuid = {F6C6261B-A58A-4F4A-8241-6A76A2C6DA90}
	EndGlobalSection
EndGlobal
