
Microsoft Visual Studio Solution File, Format Version 12.00
# Visual Studio Version 16
VisualStudioVersion = 16.0.31205.134
MinimumVisualStudioVersion = 10.0.40219.1
Project("{9A19103F-16F7-4668-BE54-9A1E7A4F7556}") = "PreStormCore", "PreStormCore.csproj", "{3EEFE159-14A7-4181-97EF-7F171F7F6B40}"
EndProject
Global
	GlobalSection(SolutionConfigurationPlatforms) = preSolution
		Debug|Any CPU = Debug|Any CPU
		Release|Any CPU = Release|Any CPU
	EndGlobalSection
	GlobalSection(ProjectConfigurationPlatforms) = postSolution
		{3EEFE159-14A7-4181-97EF-7F171F7F6B40}.Debug|Any CPU.ActiveCfg = Debug|Any CPU
		{3EEFE159-14A7-4181-97EF-7F171F7F6B40}.Debug|Any CPU.Build.0 = Debug|Any CPU
		{3EEFE159-14A7-4181-97EF-7F171F7F6B40}.Release|Any CPU.ActiveCfg = Release|Any CPU
		{3EEFE159-14A7-4181-97EF-7F171F7F6B40}.Release|Any CPU.Build.0 = Release|Any CPU
	EndGlobalSection
	GlobalSection(SolutionProperties) = preSolution
		HideSolutionNode = FALSE
	EndGlobalSection
	GlobalSection(ExtensibilityGlobals) = postSolution
		SolutionGuid = {837C274F-7873-4E79-A0AB-79D2F989F9D4}
	EndGlobalSection
EndGlobal
