
Microsoft Visual Studio Solution File, Format Version 12.00
# Visual Studio Version 16
VisualStudioVersion = 16.0.31205.134
MinimumVisualStudioVersion = 10.0.40219.1
Project("{9A19103F-16F7-4668-BE54-9A1E7A4F7556}") = "Demo", "Demo.csproj", "{D3F67FE4-7A27-4555-93D0-7A167792EB2B}"
EndProject
Global
	GlobalSection(SolutionConfigurationPlatforms) = preSolution
		Debug|Any CPU = Debug|Any CPU
		Release|Any CPU = Release|Any CPU
	EndGlobalSection
	GlobalSection(ProjectConfigurationPlatforms) = postSolution
		{D3F67FE4-7A27-4555-93D0-7A167792EB2B}.Debug|Any CPU.ActiveCfg = Debug|Any CPU
		{D3F67FE4-7A27-4555-93D0-7A167792EB2B}.Debug|Any CPU.Build.0 = Debug|Any CPU
		{D3F67FE4-7A27-4555-93D0-7A167792EB2B}.Release|Any CPU.ActiveCfg = Release|Any CPU
		{D3F67FE4-7A27-4555-93D0-7A167792EB2B}.Release|Any CPU.Build.0 = Release|Any CPU
	EndGlobalSection
	GlobalSection(SolutionProperties) = preSolution
		HideSolutionNode = FALSE
	EndGlobalSection
	GlobalSection(ExtensibilityGlobals) = postSolution
		SolutionGuid = {40EC62E8-D716-4AC2-AB32-1F1E8E05275E}
	EndGlobalSection
EndGlobal
