
Microsoft Visual Studio Solution File, Format Version 12.00
# Visual Studio Version 17
VisualStudioVersion = 17.1.32319.34
MinimumVisualStudioVersion = 10.0.40219.1
Project("{9A19103F-16F7-4668-BE54-9A1E7A4F7556}") = "PreStormCore.CSharp", "PreStormCore.CSharp.csproj", "{CCE155D9-2A26-4258-8E5C-A9C9741FE87A}"
EndProject
Global
	GlobalSection(SolutionConfigurationPlatforms) = preSolution
		Debug|Any CPU = Debug|Any CPU
		Release|Any CPU = Release|Any CPU
	EndGlobalSection
	GlobalSection(ProjectConfigurationPlatforms) = postSolution
		{CCE155D9-2A26-4258-8E5C-A9C9741FE87A}.Debug|Any CPU.ActiveCfg = Debug|Any CPU
		{CCE155D9-2A26-4258-8E5C-A9C9741FE87A}.Debug|Any CPU.Build.0 = Debug|Any CPU
		{CCE155D9-2A26-4258-8E5C-A9C9741FE87A}.Release|Any CPU.ActiveCfg = Release|Any CPU
		{CCE155D9-2A26-4258-8E5C-A9C9741FE87A}.Release|Any CPU.Build.0 = Release|Any CPU
	EndGlobalSection
	GlobalSection(SolutionProperties) = preSolution
		HideSolutionNode = FALSE
	EndGlobalSection
	GlobalSection(ExtensibilityGlobals) = postSolution
		SolutionGuid = {AD8A3CEE-6DCE-4CD3-B564-30654922A1B9}
	EndGlobalSection
EndGlobal
